// !$*UTF8*$!
{
	archiveVersion = 1;
	classes = {
	};
	objectVersion = 56;
	objects = {

/* Begin PBXBuildFile section */
		E463D37029CC81E90073FEFF /* TodoApp.swift in Sources */ = {isa = PBXBuildFile; fileRef = E463D36F29CC81E90073FEFF /* TodoApp.swift */; };
		E463D37229CC81E90073FEFF /* ContentView.swift in Sources */ = {isa = PBXBuildFile; fileRef = E463D37129CC81E90073FEFF /* ContentView.swift */; };
		E463D37429CC81EA0073FEFF /* Assets.xcassets in Resources */ = {isa = PBXBuildFile; fileRef = E463D37329CC81EA0073FEFF /* Assets.xcassets */; };
		E463D37729CC81EA0073FEFF /* Preview Assets.xcassets in Resources */ = {isa = PBXBuildFile; fileRef = E463D37629CC81EA0073FEFF /* Preview Assets.xcassets */; };
		E463D38129CC81EA0073FEFF /* TodoTests.swift in Sources */ = {isa = PBXBuildFile; fileRef = E463D38029CC81EA0073FEFF /* TodoTests.swift */; };
		E463D38B29CC81EA0073FEFF /* TodoUITests.swift in Sources */ = {isa = PBXBuildFile; fileRef = E463D38A29CC81EA0073FEFF /* TodoUITests.swift */; };
		E463D38D29CC81EA0073FEFF /* TodoUITestsLaunchTests.swift in Sources */ = {isa = PBXBuildFile; fileRef = E463D38C29CC81EA0073FEFF /* TodoUITestsLaunchTests.swift */; };
		E49EFFD229CC827400F10A37 /* Todo.swift in Sources */ = {isa = PBXBuildFile; fileRef = E49EFFD129CC827400F10A37 /* Todo.swift */; };
		E49EFFD529CC830600F10A37 /* ComposableArchitecture in Frameworks */ = {isa = PBXBuildFile; productRef = E49EFFD429CC830600F10A37 /* ComposableArchitecture */; };
		E49EFFD729CC833500F10A37 /* TodoReducer.swift in Sources */ = {isa = PBXBuildFile; fileRef = E49EFFD629CC833500F10A37 /* TodoReducer.swift */; };
		E49EFFDB29CC851700F10A37 /* TodoView.swift in Sources */ = {isa = PBXBuildFile; fileRef = E49EFFDA29CC851700F10A37 /* TodoView.swift */; };
		E49EFFE129CC882100F10A37 /* TodosState.swift in Sources */ = {isa = PBXBuildFile; fileRef = E49EFFE029CC882100F10A37 /* TodosState.swift */; };
		E49EFFE329CC88A000F10A37 /* TodosReducer.swift in Sources */ = {isa = PBXBuildFile; fileRef = E49EFFE229CC88A000F10A37 /* TodosReducer.swift */; };
		E49EFFE529CC905700F10A37 /* TodosView.swift in Sources */ = {isa = PBXBuildFile; fileRef = E49EFFE429CC905700F10A37 /* TodosView.swift */; };
/* End PBXBuildFile section */

/* Begin PBXContainerItemProxy section */
		E463D37D29CC81EA0073FEFF /* PBXContainerItemProxy */ = {
			isa = PBXContainerItemProxy;
			containerPortal = E463D36429CC81E90073FEFF /* Project object */;
			proxyType = 1;
			remoteGlobalIDString = E463D36B29CC81E90073FEFF;
			remoteInfo = Todo;
		};
		E463D38729CC81EA0073FEFF /* PBXContainerItemProxy */ = {
			isa = PBXContainerItemProxy;
			containerPortal = E463D36429CC81E90073FEFF /* Project object */;
			proxyType = 1;
			remoteGlobalIDString = E463D36B29CC81E90073FEFF;
			remoteInfo = Todo;
		};
/* End PBXContainerItemProxy section */

/* Begin PBXFileReference section */
		E463D36C29CC81E90073FEFF /* Todo.app */ = {isa = PBXFileReference; explicitFileType = wrapper.application; includeInIndex = 0; path = Todo.app; sourceTree = BUILT_PRODUCTS_DIR; };
		E463D36F29CC81E90073FEFF /* TodoApp.swift */ = {isa = PBXFileReference; lastKnownFileType = sourcecode.swift; path = TodoApp.swift; sourceTree = "<group>"; };
		E463D37129CC81E90073FEFF /* ContentView.swift */ = {isa = PBXFileReference; lastKnownFileType = sourcecode.swift; path = ContentView.swift; sourceTree = "<group>"; };
		E463D37329CC81EA0073FEFF /* Assets.xcassets */ = {isa = PBXFileReference; lastKnownFileType = folder.assetcatalog; path = Assets.xcassets; sourceTree = "<group>"; };
		E463D37629CC81EA0073FEFF /* Preview Assets.xcassets */ = {isa = PBXFileReference; lastKnownFileType = folder.assetcatalog; path = "Preview Assets.xcassets"; sourceTree = "<group>"; };
		E463D37C29CC81EA0073FEFF /* TodoTests.xctest */ = {isa = PBXFileReference; explicitFileType = wrapper.cfbundle; includeInIndex = 0; path = TodoTests.xctest; sourceTree = BUILT_PRODUCTS_DIR; };
		E463D38029CC81EA0073FEFF /* TodoTests.swift */ = {isa = PBXFileReference; lastKnownFileType = sourcecode.swift; path = TodoTests.swift; sourceTree = "<group>"; };
		E463D38629CC81EA0073FEFF /* TodoUITests.xctest */ = {isa = PBXFileReference; explicitFileType = wrapper.cfbundle; includeInIndex = 0; path = TodoUITests.xctest; sourceTree = BUILT_PRODUCTS_DIR; };
		E463D38A29CC81EA0073FEFF /* TodoUITests.swift */ = {isa = PBXFileReference; lastKnownFileType = sourcecode.swift; path = TodoUITests.swift; sourceTree = "<group>"; };
		E463D38C29CC81EA0073FEFF /* TodoUITestsLaunchTests.swift */ = {isa = PBXFileReference; lastKnownFileType = sourcecode.swift; path = TodoUITestsLaunchTests.swift; sourceTree = "<group>"; };
		E49EFFD129CC827400F10A37 /* Todo.swift */ = {isa = PBXFileReference; lastKnownFileType = sourcecode.swift; path = Todo.swift; sourceTree = "<group>"; };
		E49EFFD629CC833500F10A37 /* TodoReducer.swift */ = {isa = PBXFileReference; lastKnownFileType = sourcecode.swift; path = TodoReducer.swift; sourceTree = "<group>"; };
		E49EFFDA29CC851700F10A37 /* TodoView.swift */ = {isa = PBXFileReference; lastKnownFileType = sourcecode.swift; path = TodoView.swift; sourceTree = "<group>"; };
		E49EFFE029CC882100F10A37 /* TodosState.swift */ = {isa = PBXFileReference; lastKnownFileType = sourcecode.swift; path = TodosState.swift; sourceTree = "<group>"; };
		E49EFFE229CC88A000F10A37 /* TodosReducer.swift */ = {isa = PBXFileReference; lastKnownFileType = sourcecode.swift; path = TodosReducer.swift; sourceTree = "<group>"; };
		E49EFFE429CC905700F10A37 /* TodosView.swift */ = {isa = PBXFileReference; lastKnownFileType = sourcecode.swift; path = TodosView.swift; sourceTree = "<group>"; };
/* End PBXFileReference section */

/* Begin PBXFrameworksBuildPhase section */
		E463D36929CC81E90073FEFF /* Frameworks */ = {
			isa = PBXFrameworksBuildPhase;
			buildActionMask = 2147483647;
			files = (
				E49EFFD529CC830600F10A37 /* ComposableArchitecture in Frameworks */,
			);
			runOnlyForDeploymentPostprocessing = 0;
		};
		E463D37929CC81EA0073FEFF /* Frameworks */ = {
			isa = PBXFrameworksBuildPhase;
			buildActionMask = 2147483647;
			files = (
			);
			runOnlyForDeploymentPostprocessing = 0;
		};
		E463D38329CC81EA0073FEFF /* Frameworks */ = {
			isa = PBXFrameworksBuildPhase;
			buildActionMask = 2147483647;
			files = (
			);
			runOnlyForDeploymentPostprocessing = 0;
		};
/* End PBXFrameworksBuildPhase section */

/* Begin PBXGroup section */
		E463D36329CC81E90073FEFF = {
			isa = PBXGroup;
			children = (
				E463D36E29CC81E90073FEFF /* Todo */,
				E463D37F29CC81EA0073FEFF /* TodoTests */,
				E463D38929CC81EA0073FEFF /* TodoUITests */,
				E463D36D29CC81E90073FEFF /* Products */,
			);
			sourceTree = "<group>";
		};
		E463D36D29CC81E90073FEFF /* Products */ = {
			isa = PBXGroup;
			children = (
				E463D36C29CC81E90073FEFF /* Todo.app */,
				E463D37C29CC81EA0073FEFF /* TodoTests.xctest */,
				E463D38629CC81EA0073FEFF /* TodoUITests.xctest */,
			);
			name = Products;
			sourceTree = "<group>";
		};
		E463D36E29CC81E90073FEFF /* Todo */ = {
			isa = PBXGroup;
			children = (
				E463D36F29CC81E90073FEFF /* TodoApp.swift */,
				E463D37129CC81E90073FEFF /* ContentView.swift */,
				E49EFFCF29CC825100F10A37 /* Todo */,
				E49EFFDC29CC87C200F10A37 /* Todos */,
				E463D37329CC81EA0073FEFF /* Assets.xcassets */,
				E463D37529CC81EA0073FEFF /* Preview Content */,
			);
			path = Todo;
			sourceTree = "<group>";
		};
		E463D37529CC81EA0073FEFF /* Preview Content */ = {
			isa = PBXGroup;
			children = (
				E463D37629CC81EA0073FEFF /* Preview Assets.xcassets */,
			);
			path = "Preview Content";
			sourceTree = "<group>";
		};
		E463D37F29CC81EA0073FEFF /* TodoTests */ = {
			isa = PBXGroup;
			children = (
				E463D38029CC81EA0073FEFF /* TodoTests.swift */,
			);
			path = TodoTests;
			sourceTree = "<group>";
		};
		E463D38929CC81EA0073FEFF /* TodoUITests */ = {
			isa = PBXGroup;
			children = (
				E463D38A29CC81EA0073FEFF /* TodoUITests.swift */,
				E463D38C29CC81EA0073FEFF /* TodoUITestsLaunchTests.swift */,
			);
			path = TodoUITests;
			sourceTree = "<group>";
		};
		E49EFFCF29CC825100F10A37 /* Todo */ = {
			isa = PBXGroup;
			children = (
				E49EFFDE29CC87DF00F10A37 /* Model */,
				E49EFFD029CC826900F10A37 /* Store */,
				E49EFFDA29CC851700F10A37 /* TodoView.swift */,
			);
			path = Todo;
			sourceTree = "<group>";
		};
		E49EFFD029CC826900F10A37 /* Store */ = {
			isa = PBXGroup;
			children = (
				E49EFFD629CC833500F10A37 /* TodoReducer.swift */,
			);
			path = Store;
			sourceTree = "<group>";
		};
		E49EFFDC29CC87C200F10A37 /* Todos */ = {
			isa = PBXGroup;
			children = (
				E49EFFDF29CC881400F10A37 /* Model */,
				E49EFFDD29CC87D000F10A37 /* Store */,
				E49EFFE429CC905700F10A37 /* TodosView.swift */,
			);
			path = Todos;
			sourceTree = "<group>";
		};
		E49EFFDD29CC87D000F10A37 /* Store */ = {
			isa = PBXGroup;
			children = (
				E49EFFE229CC88A000F10A37 /* TodosReducer.swift */,
			);
			path = Store;
			sourceTree = "<group>";
		};
		E49EFFDE29CC87DF00F10A37 /* Model */ = {
			isa = PBXGroup;
			children = (
				E49EFFD129CC827400F10A37 /* Todo.swift */,
			);
			path = Model;
			sourceTree = "<group>";
		};
		E49EFFDF29CC881400F10A37 /* Model */ = {
			isa = PBXGroup;
			children = (
				E49EFFE029CC882100F10A37 /* TodosState.swift */,
			);
			path = Model;
			sourceTree = "<group>";
		};
/* End PBXGroup section */

/* Begin PBXNativeTarget section */
		E463D36B29CC81E90073FEFF /* Todo */ = {
			isa = PBXNativeTarget;
			buildConfigurationList = E463D39029CC81EA0073FEFF /* Build configuration list for PBXNativeTarget "Todo" */;
			buildPhases = (
				E463D36829CC81E90073FEFF /* Sources */,
				E463D36929CC81E90073FEFF /* Frameworks */,
				E463D36A29CC81E90073FEFF /* Resources */,
			);
			buildRules = (
			);
			dependencies = (
			);
			name = Todo;
			packageProductDependencies = (
				E49EFFD429CC830600F10A37 /* ComposableArchitecture */,
			);
			productName = Todo;
			productReference = E463D36C29CC81E90073FEFF /* Todo.app */;
			productType = "com.apple.product-type.application";
		};
		E463D37B29CC81EA0073FEFF /* TodoTests */ = {
			isa = PBXNativeTarget;
			buildConfigurationList = E463D39329CC81EA0073FEFF /* Build configuration list for PBXNativeTarget "TodoTests" */;
			buildPhases = (
				E463D37829CC81EA0073FEFF /* Sources */,
				E463D37929CC81EA0073FEFF /* Frameworks */,
				E463D37A29CC81EA0073FEFF /* Resources */,
			);
			buildRules = (
			);
			dependencies = (
				E463D37E29CC81EA0073FEFF /* PBXTargetDependency */,
			);
			name = TodoTests;
			productName = TodoTests;
			productReference = E463D37C29CC81EA0073FEFF /* TodoTests.xctest */;
			productType = "com.apple.product-type.bundle.unit-test";
		};
		E463D38529CC81EA0073FEFF /* TodoUITests */ = {
			isa = PBXNativeTarget;
			buildConfigurationList = E463D39629CC81EA0073FEFF /* Build configuration list for PBXNativeTarget "TodoUITests" */;
			buildPhases = (
				E463D38229CC81EA0073FEFF /* Sources */,
				E463D38329CC81EA0073FEFF /* Frameworks */,
				E463D38429CC81EA0073FEFF /* Resources */,
			);
			buildRules = (
			);
			dependencies = (
				E463D38829CC81EA0073FEFF /* PBXTargetDependency */,
			);
			name = TodoUITests;
			productName = TodoUITests;
			productReference = E463D38629CC81EA0073FEFF /* TodoUITests.xctest */;
			productType = "com.apple.product-type.bundle.ui-testing";
		};
/* End PBXNativeTarget section */

/* Begin PBXProject section */
		E463D36429CC81E90073FEFF /* Project object */ = {
			isa = PBXProject;
			attributes = {
				BuildIndependentTargetsInParallel = 1;
				LastSwiftUpdateCheck = 1420;
				LastUpgradeCheck = 1420;
				TargetAttributes = {
					E463D36B29CC81E90073FEFF = {
						CreatedOnToolsVersion = 14.2;
					};
					E463D37B29CC81EA0073FEFF = {
						CreatedOnToolsVersion = 14.2;
						TestTargetID = E463D36B29CC81E90073FEFF;
					};
					E463D38529CC81EA0073FEFF = {
						CreatedOnToolsVersion = 14.2;
						TestTargetID = E463D36B29CC81E90073FEFF;
					};
				};
			};
			buildConfigurationList = E463D36729CC81E90073FEFF /* Build configuration list for PBXProject "Todo" */;
			compatibilityVersion = "Xcode 14.0";
			developmentRegion = en;
			hasScannedForEncodings = 0;
			knownRegions = (
				en,
				Base,
			);
			mainGroup = E463D36329CC81E90073FEFF;
			packageReferences = (
				E49EFFD329CC830600F10A37 /* XCRemoteSwiftPackageReference "swift-composable-architecture" */,
			);
			productRefGroup = E463D36D29CC81E90073FEFF /* Products */;
			projectDirPath = "";
			projectRoot = "";
			targets = (
				E463D36B29CC81E90073FEFF /* Todo */,
				E463D37B29CC81EA0073FEFF /* TodoTests */,
				E463D38529CC81EA0073FEFF /* TodoUITests */,
			);
		};
/* End PBXProject section */

/* Begin PBXResourcesBuildPhase section */
		E463D36A29CC81E90073FEFF /* Resources */ = {
			isa = PBXResourcesBuildPhase;
			buildActionMask = 2147483647;
			files = (
				E463D37729CC81EA0073FEFF /* Preview Assets.xcassets in Resources */,
				E463D37429CC81EA0073FEFF /* Assets.xcassets in Resources */,
			);
			runOnlyForDeploymentPostprocessing = 0;
		};
		E463D37A29CC81EA0073FEFF /* Resources */ = {
			isa = PBXResourcesBuildPhase;
			buildActionMask = 2147483647;
			files = (
			);
			runOnlyForDeploymentPostprocessing = 0;
		};
		E463D38429CC81EA0073FEFF /* Resources */ = {
			isa = PBXResourcesBuildPhase;
			buildActionMask = 2147483647;
			files = (
			);
			runOnlyForDeploymentPostprocessing = 0;
		};
/* End PBXResourcesBuildPhase section */

/* Begin PBXSourcesBuildPhase section */
		E463D36829CC81E90073FEFF /* Sources */ = {
			isa = PBXSourcesBuildPhase;
			buildActionMask = 2147483647;
			files = (
				E463D37229CC81E90073FEFF /* ContentView.swift in Sources */,
				E49EFFD229CC827400F10A37 /* Todo.swift in Sources */,
				E49EFFDB29CC851700F10A37 /* TodoView.swift in Sources */,
				E49EFFE329CC88A000F10A37 /* TodosReducer.swift in Sources */,
				E463D37029CC81E90073FEFF /* TodoApp.swift in Sources */,
				E49EFFD729CC833500F10A37 /* TodoReducer.swift in Sources */,
				E49EFFE529CC905700F10A37 /* TodosView.swift in Sources */,
				E49EFFE129CC882100F10A37 /* TodosState.swift in Sources */,
			);
			runOnlyForDeploymentPostprocessing = 0;
		};
		E463D37829CC81EA0073FEFF /* Sources */ = {
			isa = PBXSourcesBuildPhase;
			buildActionMask = 2147483647;
			files = (
				E463D38129CC81EA0073FEFF /* TodoTests.swift in Sources */,
			);
			runOnlyForDeploymentPostprocessing = 0;
		};
		E463D38229CC81EA0073FEFF /* Sources */ = {
			isa = PBXSourcesBuildPhase;
			buildActionMask = 2147483647;
			files = (
				E463D38D29CC81EA0073FEFF /* TodoUITestsLaunchTests.swift in Sources */,
				E463D38B29CC81EA0073FEFF /* TodoUITests.swift in Sources */,
			);
			runOnlyForDeploymentPostprocessing = 0;
		};
/* End PBXSourcesBuildPhase section */

/* Begin PBXTargetDependency section */
		E463D37E29CC81EA0073FEFF /* PBXTargetDependency */ = {
			isa = PBXTargetDependency;
			target = E463D36B29CC81E90073FEFF /* Todo */;
			targetProxy = E463D37D29CC81EA0073FEFF /* PBXContainerItemProxy */;
		};
		E463D38829CC81EA0073FEFF /* PBXTargetDependency */ = {
			isa = PBXTargetDependency;
			target = E463D36B29CC81E90073FEFF /* Todo */;
			targetProxy = E463D38729CC81EA0073FEFF /* PBXContainerItemProxy */;
		};
/* End PBXTargetDependency section */

/* Begin XCBuildConfiguration section */
		E463D38E29CC81EA0073FEFF /* Debug */ = {
			isa = XCBuildConfiguration;
			buildSettings = {
				ALWAYS_SEARCH_USER_PATHS = NO;
				CLANG_ANALYZER_NONNULL = YES;
				CLANG_ANALYZER_NUMBER_OBJECT_CONVERSION = YES_AGGRESSIVE;
				CLANG_CXX_LANGUAGE_STANDARD = "gnu++20";
				CLANG_ENABLE_MODULES = YES;
				CLANG_ENABLE_OBJC_ARC = YES;
				CLANG_ENABLE_OBJC_WEAK = YES;
				CLANG_WARN_BLOCK_CAPTURE_AUTORELEASING = YES;
				CLANG_WARN_BOOL_CONVERSION = YES;
				CLANG_WARN_COMMA = YES;
				CLANG_WARN_CONSTANT_CONVERSION = YES;
				CLANG_WARN_DEPRECATED_OBJC_IMPLEMENTATIONS = YES;
				CLANG_WARN_DIRECT_OBJC_ISA_USAGE = YES_ERROR;
				CLANG_WARN_DOCUMENTATION_COMMENTS = YES;
				CLANG_WARN_EMPTY_BODY = YES;
				CLANG_WARN_ENUM_CONVERSION = YES;
				CLANG_WARN_INFINITE_RECURSION = YES;
				CLANG_WARN_INT_CONVERSION = YES;
				CLANG_WARN_NON_LITERAL_NULL_CONVERSION = YES;
				CLANG_WARN_OBJC_IMPLICIT_RETAIN_SELF = YES;
				CLANG_WARN_OBJC_LITERAL_CONVERSION = YES;
				CLANG_WARN_OBJC_ROOT_CLASS = YES_ERROR;
				CLANG_WARN_QUOTED_INCLUDE_IN_FRAMEWORK_HEADER = YES;
				CLANG_WARN_RANGE_LOOP_ANALYSIS = YES;
				CLANG_WARN_STRICT_PROTOTYPES = YES;
				CLANG_WARN_SUSPICIOUS_MOVE = YES;
				CLANG_WARN_UNGUARDED_AVAILABILITY = YES_AGGRESSIVE;
				CLANG_WARN_UNREACHABLE_CODE = YES;
				CLANG_WARN__DUPLICATE_METHOD_MATCH = YES;
				COPY_PHASE_STRIP = NO;
				DEBUG_INFORMATION_FORMAT = dwarf;
				ENABLE_STRICT_OBJC_MSGSEND = YES;
				ENABLE_TESTABILITY = YES;
				GCC_C_LANGUAGE_STANDARD = gnu11;
				GCC_DYNAMIC_NO_PIC = NO;
				GCC_NO_COMMON_BLOCKS = YES;
				GCC_OPTIMIZATION_LEVEL = 0;
				GCC_PREPROCESSOR_DEFINITIONS = (
					"DEBUG=1",
					"$(inherited)",
				);
				GCC_WARN_64_TO_32_BIT_CONVERSION = YES;
				GCC_WARN_ABOUT_RETURN_TYPE = YES_ERROR;
				GCC_WARN_UNDECLARED_SELECTOR = YES;
				GCC_WARN_UNINITIALIZED_AUTOS = YES_AGGRESSIVE;
				GCC_WARN_UNUSED_FUNCTION = YES;
				GCC_WARN_UNUSED_VARIABLE = YES;
				IPHONEOS_DEPLOYMENT_TARGET = 16.2;
				MTL_ENABLE_DEBUG_INFO = INCLUDE_SOURCE;
				MTL_FAST_MATH = YES;
				ONLY_ACTIVE_ARCH = YES;
				SDKROOT = iphoneos;
				SWIFT_ACTIVE_COMPILATION_CONDITIONS = DEBUG;
				SWIFT_OPTIMIZATION_LEVEL = "-Onone";
			};
			name = Debug;
		};
		E463D38F29CC81EA0073FEFF /* Release */ = {
			isa = XCBuildConfiguration;
			buildSettings = {
				ALWAYS_SEARCH_USER_PATHS = NO;
				CLANG_ANALYZER_NONNULL = YES;
				CLANG_ANALYZER_NUMBER_OBJECT_CONVERSION = YES_AGGRESSIVE;
				CLANG_CXX_LANGUAGE_STANDARD = "gnu++20";
				CLANG_ENABLE_MODULES = YES;
				CLANG_ENABLE_OBJC_ARC = YES;
				CLANG_ENABLE_OBJC_WEAK = YES;
				CLANG_WARN_BLOCK_CAPTURE_AUTORELEASING = YES;
				CLANG_WARN_BOOL_CONVERSION = YES;
				CLANG_WARN_COMMA = YES;
				CLANG_WARN_CONSTANT_CONVERSION = YES;
				CLANG_WARN_DEPRECATED_OBJC_IMPLEMENTATIONS = YES;
				CLANG_WARN_DIRECT_OBJC_ISA_USAGE = YES_ERROR;
				CLANG_WARN_DOCUMENTATION_COMMENTS = YES;
				CLANG_WARN_EMPTY_BODY = YES;
				CLANG_WARN_ENUM_CONVERSION = YES;
				CLANG_WARN_INFINITE_RECURSION = YES;
				CLANG_WARN_INT_CONVERSION = YES;
				CLANG_WARN_NON_LITERAL_NULL_CONVERSION = YES;
				CLANG_WARN_OBJC_IMPLICIT_RETAIN_SELF = YES;
				CLANG_WARN_OBJC_LITERAL_CONVERSION = YES;
				CLANG_WARN_OBJC_ROOT_CLASS = YES_ERROR;
				CLANG_WARN_QUOTED_INCLUDE_IN_FRAMEWORK_HEADER = YES;
				CLANG_WARN_RANGE_LOOP_ANALYSIS = YES;
				CLANG_WARN_STRICT_PROTOTYPES = YES;
				CLANG_WARN_SUSPICIOUS_MOVE = YES;
				CLANG_WARN_UNGUARDED_AVAILABILITY = YES_AGGRESSIVE;
				CLANG_WARN_UNREACHABLE_CODE = YES;
				CLANG_WARN__DUPLICATE_METHOD_MATCH = YES;
				COPY_PHASE_STRIP = NO;
				DEBUG_INFORMATION_FORMAT = "dwarf-with-dsym";
				ENABLE_NS_ASSERTIONS = NO;
				ENABLE_STRICT_OBJC_MSGSEND = YES;
				GCC_C_LANGUAGE_STANDARD = gnu11;
				GCC_NO_COMMON_BLOCKS = YES;
				GCC_WARN_64_TO_32_BIT_CONVERSION = YES;
				GCC_WARN_ABOUT_RETURN_TYPE = YES_ERROR;
				GCC_WARN_UNDECLARED_SELECTOR = YES;
				GCC_WARN_UNINITIALIZED_AUTOS = YES_AGGRESSIVE;
				GCC_WARN_UNUSED_FUNCTION = YES;
				GCC_WARN_UNUSED_VARIABLE = YES;
				IPHONEOS_DEPLOYMENT_TARGET = 16.2;
				MTL_ENABLE_DEBUG_INFO = NO;
				MTL_FAST_MATH = YES;
				SDKROOT = iphoneos;
				SWIFT_COMPILATION_MODE = wholemodule;
				SWIFT_OPTIMIZATION_LEVEL = "-O";
				VALIDATE_PRODUCT = YES;
			};
			name = Release;
		};
		E463D39129CC81EA0073FEFF /* Debug */ = {
			isa = XCBuildConfiguration;
			buildSettings = {
				ASSETCATALOG_COMPILER_APPICON_NAME = AppIcon;
				ASSETCATALOG_COMPILER_GLOBAL_ACCENT_COLOR_NAME = AccentColor;
				CODE_SIGN_STYLE = Automatic;
				CURRENT_PROJECT_VERSION = 1;
				DEVELOPMENT_ASSET_PATHS = "\"Todo/Preview Content\"";
				DEVELOPMENT_TEAM = 4473R8PQA5;
				ENABLE_PREVIEWS = YES;
				GENERATE_INFOPLIST_FILE = YES;
				INFOPLIST_KEY_UIApplicationSceneManifest_Generation = YES;
				INFOPLIST_KEY_UIApplicationSupportsIndirectInputEvents = YES;
				INFOPLIST_KEY_UILaunchScreen_Generation = YES;
				INFOPLIST_KEY_UISupportedInterfaceOrientations_iPad = "UIInterfaceOrientationPortrait UIInterfaceOrientationPortraitUpsideDown UIInterfaceOrientationLandscapeLeft UIInterfaceOrientationLandscapeRight";
				INFOPLIST_KEY_UISupportedInterfaceOrientations_iPhone = "UIInterfaceOrientationPortrait UIInterfaceOrientationLandscapeLeft UIInterfaceOrientationLandscapeRight";
				LD_RUNPATH_SEARCH_PATHS = (
					"$(inherited)",
					"@executable_path/Frameworks",
				);
				MARKETING_VERSION = 1.0;
				PRODUCT_BUNDLE_IDENTIFIER = dev.fabiosalata.Todo;
				PRODUCT_NAME = "$(TARGET_NAME)";
				SWIFT_EMIT_LOC_STRINGS = YES;
				SWIFT_VERSION = 5.0;
				TARGETED_DEVICE_FAMILY = "1,2";
			};
			name = Debug;
		};
		E463D39229CC81EA0073FEFF /* Release */ = {
			isa = XCBuildConfiguration;
			buildSettings = {
				ASSETCATALOG_COMPILER_APPICON_NAME = AppIcon;
				ASSETCATALOG_COMPILER_GLOBAL_ACCENT_COLOR_NAME = AccentColor;
				CODE_SIGN_STYLE = Automatic;
				CURRENT_PROJECT_VERSION = 1;
				DEVELOPMENT_ASSET_PATHS = "\"Todo/Preview Content\"";
				DEVELOPMENT_TEAM = 4473R8PQA5;
				ENABLE_PREVIEWS = YES;
				GENERATE_INFOPLIST_FILE = YES;
				INFOPLIST_KEY_UIApplicationSceneManifest_Generation = YES;
				INFOPLIST_KEY_UIApplicationSupportsIndirectInputEvents = YES;
				INFOPLIST_KEY_UILaunchScreen_Generation = YES;
				INFOPLIST_KEY_UISupportedInterfaceOrientations_iPad = "UIInterfaceOrientationPortrait UIInterfaceOrientationPortraitUpsideDown UIInterfaceOrientationLandscapeLeft UIInterfaceOrientationLandscapeRight";
				INFOPLIST_KEY_UISupportedInterfaceOrientations_iPhone = "UIInterfaceOrientationPortrait UIInterfaceOrientationLandscapeLeft UIInterfaceOrientationLandscapeRight";
				LD_RUNPATH_SEARCH_PATHS = (
					"$(inherited)",
					"@executable_path/Frameworks",
				);
				MARKETING_VERSION = 1.0;
				PRODUCT_BUNDLE_IDENTIFIER = dev.fabiosalata.Todo;
				PRODUCT_NAME = "$(TARGET_NAME)";
				SWIFT_EMIT_LOC_STRINGS = YES;
				SWIFT_VERSION = 5.0;
				TARGETED_DEVICE_FAMILY = "1,2";
			};
			name = Release;
		};
		E463D39429CC81EA0073FEFF /* Debug */ = {
			isa = XCBuildConfiguration;
			buildSettings = {
				ALWAYS_EMBED_SWIFT_STANDARD_LIBRARIES = YES;
				BUNDLE_LOADER = "$(TEST_HOST)";
				CODE_SIGN_STYLE = Automatic;
				CURRENT_PROJECT_VERSION = 1;
				DEVELOPMENT_TEAM = 4473R8PQA5;
				GENERATE_INFOPLIST_FILE = YES;
				IPHONEOS_DEPLOYMENT_TARGET = 16.2;
				MARKETING_VERSION = 1.0;
				PRODUCT_BUNDLE_IDENTIFIER = dev.fabiosalata.TodoTests;
				PRODUCT_NAME = "$(TARGET_NAME)";
				SWIFT_EMIT_LOC_STRINGS = NO;
				SWIFT_VERSION = 5.0;
				TARGETED_DEVICE_FAMILY = "1,2";
				TEST_HOST = "$(BUILT_PRODUCTS_DIR)/Todo.app/$(BUNDLE_EXECUTABLE_FOLDER_PATH)/Todo";
			};
			name = Debug;
		};
		E463D39529CC81EA0073FEFF /* Release */ = {
			isa = XCBuildConfiguration;
			buildSettings = {
				ALWAYS_EMBED_SWIFT_STANDARD_LIBRARIES = YES;
				BUNDLE_LOADER = "$(TEST_HOST)";
				CODE_SIGN_STYLE = Automatic;
				CURRENT_PROJECT_VERSION = 1;
				DEVELOPMENT_TEAM = 4473R8PQA5;
				GENERATE_INFOPLIST_FILE = YES;
				IPHONEOS_DEPLOYMENT_TARGET = 16.2;
				MARKETING_VERSION = 1.0;
				PRODUCT_BUNDLE_IDENTIFIER = dev.fabiosalata.TodoTests;
				PRODUCT_NAME = "$(TARGET_NAME)";
				SWIFT_EMIT_LOC_STRINGS = NO;
				SWIFT_VERSION = 5.0;
				TARGETED_DEVICE_FAMILY = "1,2";
				TEST_HOST = "$(BUILT_PRODUCTS_DIR)/Todo.app/$(BUNDLE_EXECUTABLE_FOLDER_PATH)/Todo";
			};
			name = Release;
		};
		E463D39729CC81EA0073FEFF /* Debug */ = {
			isa = XCBuildConfiguration;
			buildSettings = {
				ALWAYS_EMBED_SWIFT_STANDARD_LIBRARIES = YES;
				CODE_SIGN_STYLE = Automatic;
				CURRENT_PROJECT_VERSION = 1;
				DEVELOPMENT_TEAM = 4473R8PQA5;
				GENERATE_INFOPLIST_FILE = YES;
				MARKETING_VERSION = 1.0;
				PRODUCT_BUNDLE_IDENTIFIER = dev.fabiosalata.TodoUITests;
				PRODUCT_NAME = "$(TARGET_NAME)";
				SWIFT_EMIT_LOC_STRINGS = NO;
				SWIFT_VERSION = 5.0;
				TARGETED_DEVICE_FAMILY = "1,2";
				TEST_TARGET_NAME = Todo;
			};
			name = Debug;
		};
		E463D39829CC81EA0073FEFF /* Release */ = {
			isa = XCBuildConfiguration;
			buildSettings = {
				ALWAYS_EMBED_SWIFT_STANDARD_LIBRARIES = YES;
				CODE_SIGN_STYLE = Automatic;
				CURRENT_PROJECT_VERSION = 1;
				DEVELOPMENT_TEAM = 4473R8PQA5;
				GENERATE_INFOPLIST_FILE = YES;
				MARKETING_VERSION = 1.0;
				PRODUCT_BUNDLE_IDENTIFIER = dev.fabiosalata.TodoUITests;
				PRODUCT_NAME = "$(TARGET_NAME)";
				SWIFT_EMIT_LOC_STRINGS = NO;
				SWIFT_VERSION = 5.0;
				TARGETED_DEVICE_FAMILY = "1,2";
				TEST_TARGET_NAME = Todo;
			};
			name = Release;
		};
/* End XCBuildConfiguration section */

/* Begin XCConfigurationList section */
		E463D36729CC81E90073FEFF /* Build configuration list for PBXProject "Todo" */ = {
			isa = XCConfigurationList;
			buildConfigurations = (
				E463D38E29CC81EA0073FEFF /* Debug */,
				E463D38F29CC81EA0073FEFF /* Release */,
			);
			defaultConfigurationIsVisible = 0;
			defaultConfigurationName = Release;
		};
		E463D39029CC81EA0073FEFF /* Build configuration list for PBXNativeTarget "Todo" */ = {
			isa = XCConfigurationList;
			buildConfigurations = (
				E463D39129CC81EA0073FEFF /* Debug */,
				E463D39229CC81EA0073FEFF /* Release */,
			);
			defaultConfigurationIsVisible = 0;
			defaultConfigurationName = Release;
		};
		E463D39329CC81EA0073FEFF /* Build configuration list for PBXNativeTarget "TodoTests" */ = {
			isa = XCConfigurationList;
			buildConfigurations = (
				E463D39429CC81EA0073FEFF /* Debug */,
				E463D39529CC81EA0073FEFF /* Release */,
			);
			defaultConfigurationIsVisible = 0;
			defaultConfigurationName = Release;
		};
		E463D39629CC81EA0073FEFF /* Build configuration list for PBXNativeTarget "TodoUITests" */ = {
			isa = XCConfigurationList;
			buildConfigurations = (
				E463D39729CC81EA0073FEFF /* Debug */,
				E463D39829CC81EA0073FEFF /* Release */,
			);
			defaultConfigurationIsVisible = 0;
			defaultConfigurationName = Release;
		};
/* End XCConfigurationList section */

/* Begin XCRemoteSwiftPackageReference section */
		E49EFFD329CC830600F10A37 /* XCRemoteSwiftPackageReference "swift-composable-architecture" */ = {
			isa = XCRemoteSwiftPackageReference;
			repositoryURL = "https://github.com/pointfreeco/swift-composable-architecture";
			requirement = {
				kind = upToNextMajorVersion;
				minimumVersion = 0.9.0;
			};
		};
/* End XCRemoteSwiftPackageReference section */

/* Begin XCSwiftPackageProductDependency section */
		E49EFFD429CC830600F10A37 /* ComposableArchitecture */ = {
			isa = XCSwiftPackageProductDependency;
			package = E49EFFD329CC830600F10A37 /* XCRemoteSwiftPackageReference "swift-composable-architecture" */;
			productName = ComposableArchitecture;
		};
/* End XCSwiftPackageProductDependency section */
	};
	rootObject = E463D36429CC81E90073FEFF /* Project object */;
}
